
Microsoft Visual Studio Solution File, Format Version 12.00
# Visual Studio Version 16
VisualStudioVersion = 16.0.30503.244
MinimumVisualStudioVersion = 15.0.26124.0
Project("{9A19103F-16F7-4668-BE54-9A1E7A4F7556}") = "MoviesMicroservice", "MoviesMicroservice\MoviesMicroservice.csproj", "{D1B0D3D5-7C5E-4F60-B4C8-DF2F2A4F1447}"
EndProject
Project("{9A19103F-16F7-4668-BE54-9A1E7A4F7556}") = "ApiGateway", "ApiGateway\ApiGateway.csproj", "{CFB47C59-1901-4EF8-8D13-F052AAB13B61}"
EndProject
Project("{9A19103F-16F7-4668-BE54-9A1E7A4F7556}") = "UsersManagementMicroservice", "UsersManagementMicroservice\UsersManagementMicroservice.csproj", "{EA77C559-7D5B-4C79-99E9-811A296C8F53}"
EndProject
Project("{9A19103F-16F7-4668-BE54-9A1E7A4F7556}") = "RatingsMicroservice", "RatingsMicroservice\RatingsMicroservice.csproj", "{2F89CD1F-2C6A-4E65-B4BD-CD5B221719AB}"
EndProject
Project("{9A19103F-16F7-4668-BE54-9A1E7A4F7556}") = "PredictionMicroservice", "PredictionMicroservice\PredictionMicroservice.csproj", "{6E9E9FC2-FB3E-4F12-A3E5-021414B1EE8D}"
EndProject
Project("{FAE04EC0-301F-11D3-BF4B-00C04F79EFBC}") = "MoviesMicroservice.Tests", "MoviesMicroservice.Tests\MoviesMicroservice.Tests.csproj", "{2E96CE5A-3640-4120-8A9E-5C2F5781AD10}"
EndProject
Project("{FAE04EC0-301F-11D3-BF4B-00C04F79EFBC}") = "RatingsMicroservice.Tests", "RatingsMicroservice.Tests\RatingsMicroservice.Tests.csproj", "{010421C5-C8B8-4365-AA80-D7EC19829A2B}"
EndProject
Project("{FAE04EC0-301F-11D3-BF4B-00C04F79EFBC}") = "UsersManagementMicroservice.Tests", "UsersManagementMicroservice.Tests\UsersManagementMicroservice.Tests.csproj", "{78793BC1-60C6-4EB8-8A7C-CB0CCCFE5C3D}"
EndProject
Global
	GlobalSection(SolutionConfigurationPlatforms) = preSolution
		Debug|Any CPU = Debug|Any CPU
		Debug|x64 = Debug|x64
		Debug|x86 = Debug|x86
		Release|Any CPU = Release|Any CPU
		Release|x64 = Release|x64
		Release|x86 = Release|x86
	EndGlobalSection
	GlobalSection(ProjectConfigurationPlatforms) = postSolution
		{D1B0D3D5-7C5E-4F60-B4C8-DF2F2A4F1447}.Debug|Any CPU.ActiveCfg = Debug|Any CPU
		{D1B0D3D5-7C5E-4F60-B4C8-DF2F2A4F1447}.Debug|Any CPU.Build.0 = Debug|Any CPU
		{D1B0D3D5-7C5E-4F60-B4C8-DF2F2A4F1447}.Debug|x64.ActiveCfg = Debug|Any CPU
		{D1B0D3D5-7C5E-4F60-B4C8-DF2F2A4F1447}.Debug|x64.Build.0 = Debug|Any CPU
		{D1B0D3D5-7C5E-4F60-B4C8-DF2F2A4F1447}.Debug|x86.ActiveCfg = Debug|Any CPU
		{D1B0D3D5-7C5E-4F60-B4C8-DF2F2A4F1447}.Debug|x86.Build.0 = Debug|Any CPU
		{D1B0D3D5-7C5E-4F60-B4C8-DF2F2A4F1447}.Release|Any CPU.ActiveCfg = Release|Any CPU
		{D1B0D3D5-7C5E-4F60-B4C8-DF2F2A4F1447}.Release|Any CPU.Build.0 = Release|Any CPU
		{D1B0D3D5-7C5E-4F60-B4C8-DF2F2A4F1447}.Release|x64.ActiveCfg = Release|Any CPU
		{D1B0D3D5-7C5E-4F60-B4C8-DF2F2A4F1447}.Release|x64.Build.0 = Release|Any CPU
		{D1B0D3D5-7C5E-4F60-B4C8-DF2F2A4F1447}.Release|x86.ActiveCfg = Release|Any CPU
		{D1B0D3D5-7C5E-4F60-B4C8-DF2F2A4F1447}.Release|x86.Build.0 = Release|Any CPU
		{CFB47C59-1901-4EF8-8D13-F052AAB13B61}.Debug|Any CPU.ActiveCfg = Debug|Any CPU
		{CFB47C59-1901-4EF8-8D13-F052AAB13B61}.Debug|Any CPU.Build.0 = Debug|Any CPU
		{CFB47C59-1901-4EF8-8D13-F052AAB13B61}.Debug|x64.ActiveCfg = Debug|Any CPU
		{CFB47C59-1901-4EF8-8D13-F052AAB13B61}.Debug|x64.Build.0 = Debug|Any CPU
		{CFB47C59-1901-4EF8-8D13-F052AAB13B61}.Debug|x86.ActiveCfg = Debug|Any CPU
		{CFB47C59-1901-4EF8-8D13-F052AAB13B61}.Debug|x86.Build.0 = Debug|Any CPU
		{CFB47C59-1901-4EF8-8D13-F052AAB13B61}.Release|Any CPU.ActiveCfg = Release|Any CPU
		{CFB47C59-1901-4EF8-8D13-F052AAB13B61}.Release|Any CPU.Build.0 = Release|Any CPU
		{CFB47C59-1901-4EF8-8D13-F052AAB13B61}.Release|x64.ActiveCfg = Release|Any CPU
		{CFB47C59-1901-4EF8-8D13-F052AAB13B61}.Release|x64.Build.0 = Release|Any CPU
		{CFB47C59-1901-4EF8-8D13-F052AAB13B61}.Release|x86.ActiveCfg = Release|Any CPU
		{CFB47C59-1901-4EF8-8D13-F052AAB13B61}.Release|x86.Build.0 = Release|Any CPU
		{EA77C559-7D5B-4C79-99E9-811A296C8F53}.Debug|Any CPU.ActiveCfg = Debug|Any CPU
		{EA77C559-7D5B-4C79-99E9-811A296C8F53}.Debug|Any CPU.Build.0 = Debug|Any CPU
		{EA77C559-7D5B-4C79-99E9-811A296C8F53}.Debug|x64.ActiveCfg = Debug|Any CPU
		{EA77C559-7D5B-4C79-99E9-811A296C8F53}.Debug|x64.Build.0 = Debug|Any CPU
		{EA77C559-7D5B-4C79-99E9-811A296C8F53}.Debug|x86.ActiveCfg = Debug|Any CPU
		{EA77C559-7D5B-4C79-99E9-811A296C8F53}.Debug|x86.Build.0 = Debug|Any CPU
		{EA77C559-7D5B-4C79-99E9-811A296C8F53}.Release|Any CPU.ActiveCfg = Release|Any CPU
		{EA77C559-7D5B-4C79-99E9-811A296C8F53}.Release|Any CPU.Build.0 = Release|Any CPU
		{EA77C559-7D5B-4C79-99E9-811A296C8F53}.Release|x64.ActiveCfg = Release|Any CPU
		{EA77C559-7D5B-4C79-99E9-811A296C8F53}.Release|x64.Build.0 = Release|Any CPU
		{EA77C559-7D5B-4C79-99E9-811A296C8F53}.Release|x86.ActiveCfg = Release|Any CPU
		{EA77C559-7D5B-4C79-99E9-811A296C8F53}.Release|x86.Build.0 = Release|Any CPU
		{2F89CD1F-2C6A-4E65-B4BD-CD5B221719AB}.Debug|Any CPU.ActiveCfg = Debug|Any CPU
		{2F89CD1F-2C6A-4E65-B4BD-CD5B221719AB}.Debug|Any CPU.Build.0 = Debug|Any CPU
		{2F89CD1F-2C6A-4E65-B4BD-CD5B221719AB}.Debug|x64.ActiveCfg = Debug|Any CPU
		{2F89CD1F-2C6A-4E65-B4BD-CD5B221719AB}.Debug|x64.Build.0 = Debug|Any CPU
		{2F89CD1F-2C6A-4E65-B4BD-CD5B221719AB}.Debug|x86.ActiveCfg = Debug|Any CPU
		{2F89CD1F-2C6A-4E65-B4BD-CD5B221719AB}.Debug|x86.Build.0 = Debug|Any CPU
		{2F89CD1F-2C6A-4E65-B4BD-CD5B221719AB}.Release|Any CPU.ActiveCfg = Release|Any CPU
		{2F89CD1F-2C6A-4E65-B4BD-CD5B221719AB}.Release|Any CPU.Build.0 = Release|Any CPU
		{2F89CD1F-2C6A-4E65-B4BD-CD5B221719AB}.Release|x64.ActiveCfg = Release|Any CPU
		{2F89CD1F-2C6A-4E65-B4BD-CD5B221719AB}.Release|x64.Build.0 = Release|Any CPU
		{2F89CD1F-2C6A-4E65-B4BD-CD5B221719AB}.Release|x86.ActiveCfg = Release|Any CPU
		{2F89CD1F-2C6A-4E65-B4BD-CD5B221719AB}.Release|x86.Build.0 = Release|Any CPU
		{6E9E9FC2-FB3E-4F12-A3E5-021414B1EE8D}.Debug|Any CPU.ActiveCfg = Debug|Any CPU
		{6E9E9FC2-FB3E-4F12-A3E5-021414B1EE8D}.Debug|Any CPU.Build.0 = Debug|Any CPU
		{6E9E9FC2-FB3E-4F12-A3E5-021414B1EE8D}.Debug|x64.ActiveCfg = Debug|Any CPU
		{6E9E9FC2-FB3E-4F12-A3E5-021414B1EE8D}.Debug|x64.Build.0 = Debug|Any CPU
		{6E9E9FC2-FB3E-4F12-A3E5-021414B1EE8D}.Debug|x86.ActiveCfg = Debug|Any CPU
		{6E9E9FC2-FB3E-4F12-A3E5-021414B1EE8D}.Debug|x86.Build.0 = Debug|Any CPU
		{6E9E9FC2-FB3E-4F12-A3E5-021414B1EE8D}.Release|Any CPU.ActiveCfg = Release|Any CPU
		{6E9E9FC2-FB3E-4F12-A3E5-021414B1EE8D}.Release|Any CPU.Build.0 = Release|Any CPU
		{6E9E9FC2-FB3E-4F12-A3E5-021414B1EE8D}.Release|x64.ActiveCfg = Release|Any CPU
		{6E9E9FC2-FB3E-4F12-A3E5-021414B1EE8D}.Release|x64.Build.0 = Release|Any CPU
		{6E9E9FC2-FB3E-4F12-A3E5-021414B1EE8D}.Release|x86.ActiveCfg = Release|Any CPU
		{6E9E9FC2-FB3E-4F12-A3E5-021414B1EE8D}.Release|x86.Build.0 = Release|Any CPU
		{2E96CE5A-3640-4120-8A9E-5C2F5781AD10}.Debug|Any CPU.ActiveCfg = Debug|Any CPU
		{2E96CE5A-3640-4120-8A9E-5C2F5781AD10}.Debug|Any CPU.Build.0 = Debug|Any CPU
		{2E96CE5A-3640-4120-8A9E-5C2F5781AD10}.Debug|x64.ActiveCfg = Debug|Any CPU
		{2E96CE5A-3640-4120-8A9E-5C2F5781AD10}.Debug|x64.Build.0 = Debug|Any CPU
		{2E96CE5A-3640-4120-8A9E-5C2F5781AD10}.Debug|x86.ActiveCfg = Debug|Any CPU
		{2E96CE5A-3640-4120-8A9E-5C2F5781AD10}.Debug|x86.Build.0 = Debug|Any CPU
		{2E96CE5A-3640-4120-8A9E-5C2F5781AD10}.Release|Any CPU.ActiveCfg = Release|Any CPU
		{2E96CE5A-3640-4120-8A9E-5C2F5781AD10}.Release|Any CPU.Build.0 = Release|Any CPU
		{2E96CE5A-3640-4120-8A9E-5C2F5781AD10}.Release|x64.ActiveCfg = Release|Any CPU
		{2E96CE5A-3640-4120-8A9E-5C2F5781AD10}.Release|x64.Build.0 = Release|Any CPU
		{2E96CE5A-3640-4120-8A9E-5C2F5781AD10}.Release|x86.ActiveCfg = Release|Any CPU
		{2E96CE5A-3640-4120-8A9E-5C2F5781AD10}.Release|x86.Build.0 = Release|Any CPU
		{010421C5-C8B8-4365-AA80-D7EC19829A2B}.Debug|Any CPU.ActiveCfg = Debug|Any CPU
		{010421C5-C8B8-4365-AA80-D7EC19829A2B}.Debug|Any CPU.Build.0 = Debug|Any CPU
		{010421C5-C8B8-4365-AA80-D7EC19829A2B}.Debug|x64.ActiveCfg = Debug|Any CPU
		{010421C5-C8B8-4365-AA80-D7EC19829A2B}.Debug|x64.Build.0 = Debug|Any CPU
		{010421C5-C8B8-4365-AA80-D7EC19829A2B}.Debug|x86.ActiveCfg = Debug|Any CPU
		{010421C5-C8B8-4365-AA80-D7EC19829A2B}.Debug|x86.Build.0 = Debug|Any CPU
		{010421C5-C8B8-4365-AA80-D7EC19829A2B}.Release|Any CPU.ActiveCfg = Release|Any CPU
		{010421C5-C8B8-4365-AA80-D7EC19829A2B}.Release|Any CPU.Build.0 = Release|Any CPU
		{010421C5-C8B8-4365-AA80-D7EC19829A2B}.Release|x64.ActiveCfg = Release|Any CPU
		{010421C5-C8B8-4365-AA80-D7EC19829A2B}.Release|x64.Build.0 = Release|Any CPU
		{010421C5-C8B8-4365-AA80-D7EC19829A2B}.Release|x86.ActiveCfg = Release|Any CPU
		{010421C5-C8B8-4365-AA80-D7EC19829A2B}.Release|x86.Build.0 = Release|Any CPU
		{78793BC1-60C6-4EB8-8A7C-CB0CCCFE5C3D}.Debug|Any CPU.ActiveCfg = Debug|Any CPU
		{78793BC1-60C6-4EB8-8A7C-CB0CCCFE5C3D}.Debug|Any CPU.Build.0 = Debug|Any CPU
		{78793BC1-60C6-4EB8-8A7C-CB0CCCFE5C3D}.Debug|x64.ActiveCfg = Debug|Any CPU
		{78793BC1-60C6-4EB8-8A7C-CB0CCCFE5C3D}.Debug|x64.Build.0 = Debug|Any CPU
		{78793BC1-60C6-4EB8-8A7C-CB0CCCFE5C3D}.Debug|x86.ActiveCfg = Debug|Any CPU
		{78793BC1-60C6-4EB8-8A7C-CB0CCCFE5C3D}.Debug|x86.Build.0 = Debug|Any CPU
		{78793BC1-60C6-4EB8-8A7C-CB0CCCFE5C3D}.Release|Any CPU.ActiveCfg = Release|Any CPU
		{78793BC1-60C6-4EB8-8A7C-CB0CCCFE5C3D}.Release|Any CPU.Build.0 = Release|Any CPU
		{78793BC1-60C6-4EB8-8A7C-CB0CCCFE5C3D}.Release|x64.ActiveCfg = Release|Any CPU
		{78793BC1-60C6-4EB8-8A7C-CB0CCCFE5C3D}.Release|x64.Build.0 = Release|Any CPU
		{78793BC1-60C6-4EB8-8A7C-CB0CCCFE5C3D}.Release|x86.ActiveCfg = Release|Any CPU
		{78793BC1-60C6-4EB8-8A7C-CB0CCCFE5C3D}.Release|x86.Build.0 = Release|Any CPU
	EndGlobalSection
	GlobalSection(SolutionProperties) = preSolution
		HideSolutionNode = FALSE
	EndGlobalSection
	GlobalSection(ExtensibilityGlobals) = postSolution
		SolutionGuid = {EFFC59CD-85CB-416F-819F-3A35C374FD9E}
	EndGlobalSection
EndGlobal
